
Microsoft Visual Studio Solution File, Format Version 12.00
# Visual Studio Version 17
VisualStudioVersion = 17.5.33530.505
MinimumVisualStudioVersion = 10.0.40219.1
Project("{888888A0-9F3D-457C-B088-3A5042F75D52}") = "DjangoAPI", "DjangoAPI.pyproj", "{E5F0B441-C38F-4B4F-8F59-3DF5985B026C}"
EndProject
Global
	GlobalSection(SolutionConfigurationPlatforms) = preSolution
		Debug|Any CPU = Debug|Any CPU
		Release|Any CPU = Release|Any CPU
	EndGlobalSection
	GlobalSection(ProjectConfigurationPlatforms) = postSolution
		{E5F0B441-C38F-4B4F-8F59-3DF5985B026C}.Debug|Any CPU.ActiveCfg = Debug|Any CPU
		{E5F0B441-C38F-4B4F-8F59-3DF5985B026C}.Release|Any CPU.ActiveCfg = Release|Any CPU
	EndGlobalSection
	GlobalSection(SolutionProperties) = preSolution
		HideSolutionNode = FALSE
	EndGlobalSection
	GlobalSection(ExtensibilityGlobals) = postSolution
		SolutionGuid = {68538AEE-6768-473F-8BDD-2486FE8844EB}
	EndGlobalSection
EndGlobal
