
Microsoft Visual Studio Solution File, Format Version 12.00
# Visual Studio Version 17
VisualStudioVersion = 17.5.33530.505
MinimumVisualStudioVersion = 10.0.40219.1
Project("{888888A0-9F3D-457C-B088-3A5042F75D52}") = "Docker", "Docker.pyproj", "{FD5AFA4F-8E86-4A51-A328-670D1A5AC4BA}"
EndProject
Global
	GlobalSection(SolutionConfigurationPlatforms) = preSolution
		Debug|Any CPU = Debug|Any CPU
		Release|Any CPU = Release|Any CPU
	EndGlobalSection
	GlobalSection(ProjectConfigurationPlatforms) = postSolution
		{FD5AFA4F-8E86-4A51-A328-670D1A5AC4BA}.Debug|Any CPU.ActiveCfg = Debug|Any CPU
		{FD5AFA4F-8E86-4A51-A328-670D1A5AC4BA}.Release|Any CPU.ActiveCfg = Release|Any CPU
	EndGlobalSection
	GlobalSection(SolutionProperties) = preSolution
		HideSolutionNode = FALSE
	EndGlobalSection
	GlobalSection(ExtensibilityGlobals) = postSolution
		SolutionGuid = {F1726B45-041B-46DF-A889-67FC4DBEEB24}
	EndGlobalSection
EndGlobal
